<?xml version="1.0" encoding="utf-8"?>
<Project ToolsVersion="4.0" xmlns="http://schemas.microsoft.com/developer/msbuild/2003">
  <ItemGroup>
    <Filter Include="리소스 파일">
      <UniqueIdentifier>{67DA6AB6-F800-4c08-8B7A-83BB121AAD01}</UniqueIdentifier>
      <Extensions>rc;ico;cur;bmp;dlg;rc2;rct;bin;rgs;gif;jpg;jpeg;jpe;resx;tiff;tif;png;wav;mfcribbon-ms</Extensions>
    </Filter>
    <Filter Include="00.MainGame">
      <UniqueIdentifier>{91dadf47-217f-4c97-8e15-e2113943b0b9}</UniqueIdentifier>
    </Filter>
    <Filter Include="01.Managers">
      <UniqueIdentifier>{d93af217-e694-4607-9411-098786fde118}</UniqueIdentifier>
    </Filter>
    <Filter Include="99.Utils">
      <UniqueIdentifier>{244f2eb7-e071-448f-974c-b3037ce77534}</UniqueIdentifier>
    </Filter>
    <Filter Include="999.Comments">
      <UniqueIdentifier>{34acaad2-4a3a-4d95-8313-574cd6e5173e}</UniqueIdentifier>
    </Filter>
    <Filter Include="02.Scenes">
      <UniqueIdentifier>{b760f924-41da-468e-9382-192c3198a5e9}</UniqueIdentifier>
    </Filter>
    <Filter Include="02.Scenes\Game">
      <UniqueIdentifier>{ccf88bfe-831f-4a34-9cba-42dc6c8c99a0}</UniqueIdentifier>
    </Filter>
    <Filter Include="99.Utils\Types">
      <UniqueIdentifier>{216ed056-4702-4cf0-a610-eb912eb8bb4d}</UniqueIdentifier>
    </Filter>
  </ItemGroup>
  <ItemGroup>
    <ClInclude Include="targetver.h">
      <Filter>99.Utils</Filter>
    </ClInclude>
    <ClInclude Include="Resource.h">
      <Filter>99.Utils</Filter>
    </ClInclude>
    <ClInclude Include="framework.h">
      <Filter>99.Utils</Filter>
    </ClInclude>
    <ClInclude Include="WindowsGame.h">
      <Filter>00.MainGame</Filter>
    </ClInclude>
    <ClInclude Include="pch.h">
      <Filter>99.Utils</Filter>
    </ClInclude>
    <ClInclude Include="Defines.h">
      <Filter>99.Utils</Filter>
    </ClInclude>
    <ClInclude Include="CommonFunction.h">
      <Filter>99.Utils</Filter>
    </ClInclude>
    <ClInclude Include="Game.h">
      <Filter>00.MainGame</Filter>
    </ClInclude>
    <ClInclude Include="TimeManager.h">
      <Filter>01.Managers</Filter>
    </ClInclude>
    <ClInclude Include="InputManager.h">
      <Filter>01.Managers</Filter>
    </ClInclude>
    <ClInclude Include="SceneManager.h">
      <Filter>01.Managers</Filter>
    </ClInclude>
    <ClInclude Include="Scene.h">
      <Filter>02.Scenes</Filter>
    </ClInclude>
    <ClInclude Include="Enums.h">
      <Filter>99.Utils</Filter>
    </ClInclude>
    <ClInclude Include="Dev1Scene.h">
      <Filter>02.Scenes\Game</Filter>
    </ClInclude>
    <ClInclude Include="Dev2Scene.h">
      <Filter>02.Scenes\Game</Filter>
    </ClInclude>
    <ClInclude Include="Types.h">
      <Filter>99.Utils\Types</Filter>
    </ClInclude>
    <ClInclude Include="Vector2.h">
      <Filter>99.Utils\Types</Filter>
    </ClInclude>
    <ClInclude Include="CenterRect.h">
      <Filter>99.Utils\Types</Filter>
    </ClInclude>
  </ItemGroup>
  <ItemGroup>
    <ResourceCompile Include="WindowsGame.rc">
      <Filter>리소스 파일</Filter>
    </ResourceCompile>
  </ItemGroup>
  <ItemGroup>
    <Image Include="small.ico">
      <Filter>리소스 파일</Filter>
    </Image>
    <Image Include="WindowsGame.ico">
      <Filter>리소스 파일</Filter>
    </Image>
  </ItemGroup>
  <ItemGroup>
    <ClCompile Include="WindowsGame.cpp">
      <Filter>00.MainGame</Filter>
    </ClCompile>
    <ClCompile Include="pch.cpp">
      <Filter>99.Utils</Filter>
    </ClCompile>
    <ClCompile Include="CommonFunction.cpp">
      <Filter>99.Utils</Filter>
    </ClCompile>
    <ClCompile Include="Day17.cpp">
      <Filter>999.Comments</Filter>
    </ClCompile>
    <ClCompile Include="Game.cpp">
      <Filter>00.MainGame</Filter>
    </ClCompile>
    <ClCompile Include="TimeManager.cpp">
      <Filter>01.Managers</Filter>
    </ClCompile>
    <ClCompile Include="Day18.cpp">
      <Filter>999.Comments</Filter>
    </ClCompile>
    <ClCompile Include="InputManager.cpp">
      <Filter>01.Managers</Filter>
    </ClCompile>
    <ClCompile Include="Day19.cpp">
      <Filter>999.Comments</Filter>
    </ClCompile>
    <ClCompile Include="SceneManager.cpp">
      <Filter>01.Managers</Filter>
    </ClCompile>
    <ClCompile Include="Scene.cpp">
      <Filter>02.Scenes</Filter>
    </ClCompile>
    <ClCompile Include="Dev1Scene.cpp">
      <Filter>02.Scenes\Game</Filter>
    </ClCompile>
    <ClCompile Include="Dev2Scene.cpp">
      <Filter>02.Scenes\Game</Filter>
    </ClCompile>
    <ClCompile Include="Vector2.cpp">
      <Filter>99.Utils\Types</Filter>
    </ClCompile>
    <ClCompile Include="CenterRect.cpp">
      <Filter>99.Utils\Types</Filter>
    </ClCompile>
    <ClCompile Include="Day20.cpp">
      <Filter>999.Comments</Filter>
    </ClCompile>
  </ItemGroup>
  <ItemGroup>
    <None Include="Day16.cpp">
      <Filter>999.Comments</Filter>
    </None>
  </ItemGroup>
</Project>