<?xml version="1.0" encoding="utf-8"?>
<Project ToolsVersion="4.0" xmlns="http://schemas.microsoft.com/developer/msbuild/2003">
  <ItemGroup>
    <Filter Include="리소스 파일">
      <UniqueIdentifier>{67DA6AB6-F800-4c08-8B7A-83BB121AAD01}</UniqueIdentifier>
      <Extensions>rc;ico;cur;bmp;dlg;rc2;rct;bin;rgs;gif;jpg;jpeg;jpe;resx;tiff;tif;png;wav;mfcribbon-ms</Extensions>
    </Filter>
    <Filter Include="00.MainGame">
      <UniqueIdentifier>{91dadf47-217f-4c97-8e15-e2113943b0b9}</UniqueIdentifier>
    </Filter>
    <Filter Include="01.Managers">
      <UniqueIdentifier>{d93af217-e694-4607-9411-098786fde118}</UniqueIdentifier>
    </Filter>
    <Filter Include="99.Utils">
      <UniqueIdentifier>{244f2eb7-e071-448f-974c-b3037ce77534}</UniqueIdentifier>
    </Filter>
    <Filter Include="999.Comments">
      <UniqueIdentifier>{34acaad2-4a3a-4d95-8313-574cd6e5173e}</UniqueIdentifier>
    </Filter>
    <Filter Include="02.Scenes">
      <UniqueIdentifier>{b760f924-41da-468e-9382-192c3198a5e9}</UniqueIdentifier>
    </Filter>
    <Filter Include="02.Scenes\Game">
      <UniqueIdentifier>{ccf88bfe-831f-4a34-9cba-42dc6c8c99a0}</UniqueIdentifier>
    </Filter>
    <Filter Include="99.Utils\Types">
      <UniqueIdentifier>{216ed056-4702-4cf0-a610-eb912eb8bb4d}</UniqueIdentifier>
    </Filter>
    <Filter Include="03.Objects">
      <UniqueIdentifier>{ca1acd49-2002-4ded-b9b3-7aa63146caca}</UniqueIdentifier>
    </Filter>
    <Filter Include="04.Components">
      <UniqueIdentifier>{898015da-e1ec-4761-b086-a92ac101f9f8}</UniqueIdentifier>
    </Filter>
    <Filter Include="04.Components\Collider">
      <UniqueIdentifier>{950960a3-f0c0-483f-84cb-4e3766fbeed0}</UniqueIdentifier>
    </Filter>
    <Filter Include="03.Objects\Game">
      <UniqueIdentifier>{b6c0d849-76bf-423b-b364-d9b2ff2e406a}</UniqueIdentifier>
    </Filter>
    <Filter Include="05.Resources">
      <UniqueIdentifier>{34cf1cff-4666-4046-bb32-7a97cd278194}</UniqueIdentifier>
    </Filter>
    <Filter Include="06.UI">
      <UniqueIdentifier>{d06983b4-b9f0-4572-9518-bf3433ebc09d}</UniqueIdentifier>
    </Filter>
    <Filter Include="06.UI\Game">
      <UniqueIdentifier>{7499e7af-9b09-4318-a8d3-cb036a5ff760}</UniqueIdentifier>
    </Filter>
  </ItemGroup>
  <ItemGroup>
    <ClInclude Include="targetver.h">
      <Filter>99.Utils</Filter>
    </ClInclude>
    <ClInclude Include="Resource.h">
      <Filter>99.Utils</Filter>
    </ClInclude>
    <ClInclude Include="framework.h">
      <Filter>99.Utils</Filter>
    </ClInclude>
    <ClInclude Include="WindowsGame.h">
      <Filter>00.MainGame</Filter>
    </ClInclude>
    <ClInclude Include="pch.h">
      <Filter>99.Utils</Filter>
    </ClInclude>
    <ClInclude Include="Defines.h">
      <Filter>99.Utils</Filter>
    </ClInclude>
    <ClInclude Include="CommonFunction.h">
      <Filter>99.Utils</Filter>
    </ClInclude>
    <ClInclude Include="Game.h">
      <Filter>00.MainGame</Filter>
    </ClInclude>
    <ClInclude Include="TimeManager.h">
      <Filter>01.Managers</Filter>
    </ClInclude>
    <ClInclude Include="InputManager.h">
      <Filter>01.Managers</Filter>
    </ClInclude>
    <ClInclude Include="SceneManager.h">
      <Filter>01.Managers</Filter>
    </ClInclude>
    <ClInclude Include="Scene.h">
      <Filter>02.Scenes</Filter>
    </ClInclude>
    <ClInclude Include="Enums.h">
      <Filter>99.Utils</Filter>
    </ClInclude>
    <ClInclude Include="Dev1Scene.h">
      <Filter>02.Scenes\Game</Filter>
    </ClInclude>
    <ClInclude Include="Dev2Scene.h">
      <Filter>02.Scenes\Game</Filter>
    </ClInclude>
    <ClInclude Include="Types.h">
      <Filter>99.Utils\Types</Filter>
    </ClInclude>
    <ClInclude Include="Vector2.h">
      <Filter>99.Utils\Types</Filter>
    </ClInclude>
    <ClInclude Include="CenterRect.h">
      <Filter>99.Utils\Types</Filter>
    </ClInclude>
    <ClInclude Include="Component.h">
      <Filter>04.Components</Filter>
    </ClInclude>
    <ClInclude Include="Collider.h">
      <Filter>04.Components\Collider</Filter>
    </ClInclude>
    <ClInclude Include="BoxCollider.h">
      <Filter>04.Components\Collider</Filter>
    </ClInclude>
    <ClInclude Include="CollisionManager.h">
      <Filter>01.Managers</Filter>
    </ClInclude>
    <ClInclude Include="PlayerActor.h">
      <Filter>03.Objects\Game</Filter>
    </ClInclude>
    <ClInclude Include="PaddleActor.h">
      <Filter>03.Objects\Game</Filter>
    </ClInclude>
    <ClInclude Include="BallActor.h">
      <Filter>03.Objects\Game</Filter>
    </ClInclude>
    <ClInclude Include="BrickActor.h">
      <Filter>03.Objects\Game</Filter>
    </ClInclude>
    <ClInclude Include="PlayerController.h">
      <Filter>03.Objects\Game</Filter>
    </ClInclude>
    <ClInclude Include="InGameScene.h">
      <Filter>02.Scenes\Game</Filter>
    </ClInclude>
    <ClInclude Include="ResourceBase.h">
      <Filter>05.Resources</Filter>
    </ClInclude>
    <ClInclude Include="ResourceManager.h">
      <Filter>01.Managers</Filter>
    </ClInclude>
    <ClInclude Include="Vector2Int.h">
      <Filter>99.Utils\Types</Filter>
    </ClInclude>
    <ClInclude Include="Texture.h">
      <Filter>05.Resources</Filter>
    </ClInclude>
    <ClInclude Include="Sprite.h">
      <Filter>05.Resources</Filter>
    </ClInclude>
    <ClInclude Include="Actor.h">
      <Filter>03.Objects</Filter>
    </ClInclude>
    <ClInclude Include="SpriteActor.h">
      <Filter>03.Objects</Filter>
    </ClInclude>
    <ClInclude Include="RandomManager.h">
      <Filter>01.Managers</Filter>
    </ClInclude>
    <ClInclude Include="MoleActor.h">
      <Filter>03.Objects\Game</Filter>
    </ClInclude>
    <ClInclude Include="MoleGameScene.h">
      <Filter>02.Scenes\Game</Filter>
    </ClInclude>
    <ClInclude Include="HammerActor.h">
      <Filter>03.Objects\Game</Filter>
    </ClInclude>
    <ClInclude Include="PlayerHammerController.h">
      <Filter>03.Objects\Game</Filter>
    </ClInclude>
    <ClInclude Include="Flipbook.h">
      <Filter>05.Resources</Filter>
    </ClInclude>
    <ClInclude Include="FlipbookActor.h">
      <Filter>03.Objects</Filter>
    </ClInclude>
    <ClInclude Include="CreatureActor.h">
      <Filter>03.Objects\Game</Filter>
    </ClInclude>
    <ClInclude Include="OmokStoneActor.h">
      <Filter>03.Objects\Game</Filter>
    </ClInclude>
    <ClInclude Include="CameraComponent.h">
      <Filter>04.Components</Filter>
    </ClInclude>
    <ClInclude Include="Sound.h">
      <Filter>05.Resources</Filter>
    </ClInclude>
    <ClInclude Include="SoundManager.h">
      <Filter>01.Managers</Filter>
    </ClInclude>
    <ClInclude Include="DefineContents.h">
      <Filter>99.Utils</Filter>
    </ClInclude>
    <ClInclude Include="CircleCollider.h">
      <Filter>04.Components\Collider</Filter>
    </ClInclude>
    <ClInclude Include="UI.h">
      <Filter>06.UI</Filter>
    </ClInclude>
    <ClInclude Include="Panel.h">
      <Filter>06.UI</Filter>
    </ClInclude>
    <ClInclude Include="Image.h">
      <Filter>06.UI</Filter>
    </ClInclude>
    <ClInclude Include="TestPanel.h">
      <Filter>06.UI\Game</Filter>
    </ClInclude>
    <ClInclude Include="Button.h">
      <Filter>06.UI</Filter>
    </ClInclude>
    <ClInclude Include="Game2048Scene.h">
      <Filter>02.Scenes\Game</Filter>
    </ClInclude>
    <ClInclude Include="NumBoxActor.h">
      <Filter>03.Objects\Game</Filter>
    </ClInclude>
    <ClInclude Include="Game2048BoardActor.h">
      <Filter>03.Objects\Game</Filter>
    </ClInclude>
    <ClInclude Include="TilemapActor.h">
      <Filter>03.Objects</Filter>
    </ClInclude>
    <ClInclude Include="Tilemap.h">
      <Filter>05.Resources</Filter>
    </ClInclude>
    <ClInclude Include="MapToolTilemapActor.h">
      <Filter>03.Objects\Game</Filter>
    </ClInclude>
  </ItemGroup>
  <ItemGroup>
    <ResourceCompile Include="WindowsGame.rc">
      <Filter>리소스 파일</Filter>
    </ResourceCompile>
  </ItemGroup>
  <ItemGroup>
    <Image Include="small.ico">
      <Filter>리소스 파일</Filter>
    </Image>
    <Image Include="WindowsGame.ico">
      <Filter>리소스 파일</Filter>
    </Image>
  </ItemGroup>
  <ItemGroup>
    <ClCompile Include="WindowsGame.cpp">
      <Filter>00.MainGame</Filter>
    </ClCompile>
    <ClCompile Include="pch.cpp">
      <Filter>99.Utils</Filter>
    </ClCompile>
    <ClCompile Include="CommonFunction.cpp">
      <Filter>99.Utils</Filter>
    </ClCompile>
    <ClCompile Include="Day17.cpp">
      <Filter>999.Comments</Filter>
    </ClCompile>
    <ClCompile Include="Game.cpp">
      <Filter>00.MainGame</Filter>
    </ClCompile>
    <ClCompile Include="TimeManager.cpp">
      <Filter>01.Managers</Filter>
    </ClCompile>
    <ClCompile Include="Day18.cpp">
      <Filter>999.Comments</Filter>
    </ClCompile>
    <ClCompile Include="InputManager.cpp">
      <Filter>01.Managers</Filter>
    </ClCompile>
    <ClCompile Include="Day19.cpp">
      <Filter>999.Comments</Filter>
    </ClCompile>
    <ClCompile Include="SceneManager.cpp">
      <Filter>01.Managers</Filter>
    </ClCompile>
    <ClCompile Include="Scene.cpp">
      <Filter>02.Scenes</Filter>
    </ClCompile>
    <ClCompile Include="Dev1Scene.cpp">
      <Filter>02.Scenes\Game</Filter>
    </ClCompile>
    <ClCompile Include="Dev2Scene.cpp">
      <Filter>02.Scenes\Game</Filter>
    </ClCompile>
    <ClCompile Include="Vector2.cpp">
      <Filter>99.Utils\Types</Filter>
    </ClCompile>
    <ClCompile Include="CenterRect.cpp">
      <Filter>99.Utils\Types</Filter>
    </ClCompile>
    <ClCompile Include="Day20.cpp">
      <Filter>999.Comments</Filter>
    </ClCompile>
    <ClCompile Include="Day21.cpp">
      <Filter>999.Comments</Filter>
    </ClCompile>
    <ClCompile Include="Actor.cpp">
      <Filter>03.Objects</Filter>
    </ClCompile>
    <ClCompile Include="Component.cpp">
      <Filter>04.Components</Filter>
    </ClCompile>
    <ClCompile Include="Collider.cpp">
      <Filter>04.Components\Collider</Filter>
    </ClCompile>
    <ClCompile Include="BoxCollider.cpp">
      <Filter>04.Components\Collider</Filter>
    </ClCompile>
    <ClCompile Include="CollisionManager.cpp">
      <Filter>01.Managers</Filter>
    </ClCompile>
    <ClCompile Include="PlayerActor.cpp">
      <Filter>03.Objects\Game</Filter>
    </ClCompile>
    <ClCompile Include="Day22.cpp">
      <Filter>999.Comments</Filter>
    </ClCompile>
    <ClCompile Include="PaddleActor.cpp">
      <Filter>03.Objects\Game</Filter>
    </ClCompile>
    <ClCompile Include="BallActor.cpp">
      <Filter>03.Objects\Game</Filter>
    </ClCompile>
    <ClCompile Include="BrickActor.cpp">
      <Filter>03.Objects\Game</Filter>
    </ClCompile>
    <ClCompile Include="PlayerController.cpp">
      <Filter>03.Objects\Game</Filter>
    </ClCompile>
    <ClCompile Include="InGameScene.cpp">
      <Filter>02.Scenes\Game</Filter>
    </ClCompile>
    <ClCompile Include="Day23.cpp">
      <Filter>999.Comments</Filter>
    </ClCompile>
    <ClCompile Include="ResourceBase.cpp">
      <Filter>05.Resources</Filter>
    </ClCompile>
    <ClCompile Include="ResourceManager.cpp">
      <Filter>01.Managers</Filter>
    </ClCompile>
    <ClCompile Include="Vector2Int.cpp">
      <Filter>99.Utils\Types</Filter>
    </ClCompile>
    <ClCompile Include="Texture.cpp">
      <Filter>05.Resources</Filter>
    </ClCompile>
    <ClCompile Include="Day24.cpp">
      <Filter>999.Comments</Filter>
    </ClCompile>
    <ClCompile Include="Sprite.cpp">
      <Filter>05.Resources</Filter>
    </ClCompile>
    <ClCompile Include="SpriteActor.cpp">
      <Filter>03.Objects</Filter>
    </ClCompile>
    <ClCompile Include="RandomManager.cpp">
      <Filter>01.Managers</Filter>
    </ClCompile>
    <ClCompile Include="MoleActor.cpp">
      <Filter>03.Objects\Game</Filter>
    </ClCompile>
    <ClCompile Include="Day25.cpp">
      <Filter>999.Comments</Filter>
    </ClCompile>
    <ClCompile Include="MoleGameScene.cpp">
      <Filter>02.Scenes\Game</Filter>
    </ClCompile>
    <ClCompile Include="Day26.cpp">
      <Filter>999.Comments</Filter>
    </ClCompile>
    <ClCompile Include="HammerActor.cpp">
      <Filter>03.Objects\Game</Filter>
    </ClCompile>
    <ClCompile Include="PlayerHammerController.cpp">
      <Filter>03.Objects\Game</Filter>
    </ClCompile>
    <ClCompile Include="Flipbook.cpp">
      <Filter>05.Resources</Filter>
    </ClCompile>
    <ClCompile Include="FlipbookActor.cpp">
      <Filter>03.Objects</Filter>
    </ClCompile>
    <ClCompile Include="Day27.cpp">
      <Filter>999.Comments</Filter>
    </ClCompile>
    <ClCompile Include="CreatureActor.cpp">
      <Filter>03.Objects\Game</Filter>
    </ClCompile>
    <ClCompile Include="OmokStoneActor.cpp">
      <Filter>03.Objects\Game</Filter>
    </ClCompile>
    <ClCompile Include="Day28.cpp">
      <Filter>999.Comments</Filter>
    </ClCompile>
    <ClCompile Include="Day29.cpp">
      <Filter>999.Comments</Filter>
    </ClCompile>
    <ClCompile Include="CameraComponent.cpp">
      <Filter>04.Components</Filter>
    </ClCompile>
    <ClCompile Include="Day30.cpp">
      <Filter>999.Comments</Filter>
    </ClCompile>
    <ClCompile Include="Sound.cpp">
      <Filter>05.Resources</Filter>
    </ClCompile>
    <ClCompile Include="SoundManager.cpp">
      <Filter>01.Managers</Filter>
    </ClCompile>
    <ClCompile Include="CircleCollider.cpp">
      <Filter>04.Components\Collider</Filter>
    </ClCompile>
    <ClCompile Include="Day31.cpp">
      <Filter>999.Comments</Filter>
    </ClCompile>
    <ClCompile Include="UI.cpp">
      <Filter>06.UI</Filter>
    </ClCompile>
    <ClCompile Include="Panel.cpp">
      <Filter>06.UI</Filter>
    </ClCompile>
    <ClCompile Include="Image.cpp">
      <Filter>06.UI</Filter>
    </ClCompile>
    <ClCompile Include="TestPanel.cpp">
      <Filter>06.UI\Game</Filter>
    </ClCompile>
    <ClCompile Include="Day32.cpp">
      <Filter>999.Comments</Filter>
    </ClCompile>
    <ClCompile Include="Button.cpp">
      <Filter>06.UI</Filter>
    </ClCompile>
    <ClCompile Include="Game2048Scene.cpp">
      <Filter>02.Scenes\Game</Filter>
    </ClCompile>
    <ClCompile Include="NumBoxActor.cpp">
      <Filter>03.Objects\Game</Filter>
    </ClCompile>
    <ClCompile Include="Game2048BoardActor.cpp">
      <Filter>03.Objects\Game</Filter>
    </ClCompile>
    <ClCompile Include="Day33.cpp">
      <Filter>999.Comments</Filter>
    </ClCompile>
    <ClCompile Include="Day34.cpp">
      <Filter>999.Comments</Filter>
    </ClCompile>
    <ClCompile Include="Day35.cpp">
      <Filter>999.Comments</Filter>
    </ClCompile>
    <ClCompile Include="TilemapActor.cpp">
      <Filter>03.Objects</Filter>
    </ClCompile>
    <ClCompile Include="Tilemap.cpp">
      <Filter>05.Resources</Filter>
    </ClCompile>
    <ClCompile Include="Day36.cpp">
      <Filter>999.Comments</Filter>
    </ClCompile>
    <ClCompile Include="MapToolTilemapActor.cpp">
      <Filter>03.Objects\Game</Filter>
    </ClCompile>
  </ItemGroup>
  <ItemGroup>
    <None Include="Day16.cpp">
      <Filter>999.Comments</Filter>
    </None>
  </ItemGroup>
</Project>