
Microsoft Visual Studio Solution File, Format Version 12.00
# Visual Studio Version 17
VisualStudioVersion = 17.9.34728.123
MinimumVisualStudioVersion = 10.0.40219.1
Project("{8BC9CEB8-8B4A-11D0-8D11-00A0C91BC942}") = "20240429_01", "20240429_01\20240429_01.vcxproj", "{65D4F71F-BDFD-46EB-83FC-0B6186908672}"
EndProject
Global
	GlobalSection(SolutionConfigurationPlatforms) = preSolution
		Debug|x64 = Debug|x64
		Debug|x86 = Debug|x86
		Release|x64 = Release|x64
		Release|x86 = Release|x86
	EndGlobalSection
	GlobalSection(ProjectConfigurationPlatforms) = postSolution
		{65D4F71F-BDFD-46EB-83FC-0B6186908672}.Debug|x64.ActiveCfg = Debug|x64
		{65D4F71F-BDFD-46EB-83FC-0B6186908672}.Debug|x64.Build.0 = Debug|x64
		{65D4F71F-BDFD-46EB-83FC-0B6186908672}.Debug|x86.ActiveCfg = Debug|Win32
		{65D4F71F-BDFD-46EB-83FC-0B6186908672}.Debug|x86.Build.0 = Debug|Win32
		{65D4F71F-BDFD-46EB-83FC-0B6186908672}.Release|x64.ActiveCfg = Release|x64
		{65D4F71F-BDFD-46EB-83FC-0B6186908672}.Release|x64.Build.0 = Release|x64
		{65D4F71F-BDFD-46EB-83FC-0B6186908672}.Release|x86.ActiveCfg = Release|Win32
		{65D4F71F-BDFD-46EB-83FC-0B6186908672}.Release|x86.Build.0 = Release|Win32
	EndGlobalSection
	GlobalSection(SolutionProperties) = preSolution
		HideSolutionNode = FALSE
	EndGlobalSection
	GlobalSection(ExtensibilityGlobals) = postSolution
		SolutionGuid = {B4543E9B-E2DC-449D-A9E8-945F7F6F2FFA}
	EndGlobalSection
EndGlobal
