
Microsoft Visual Studio Solution File, Format Version 12.00
# Visual Studio Version 17
VisualStudioVersion = 17.7.34221.43
MinimumVisualStudioVersion = 10.0.40219.1
Project("{9A19103F-16F7-4668-BE54-9A1E7A4F7556}") = "CSharp_01", "240614_01\CSharp_01.csproj", "{6B1DDF04-B386-4CDA-8572-B0D569ACCBDB}"
EndProject
Project("{9A19103F-16F7-4668-BE54-9A1E7A4F7556}") = "CSharp_02", "240614_02\CSharp_02.csproj", "{BC245DD6-A1FF-49EF-B55A-3197EABBEA72}"
EndProject
Project("{9A19103F-16F7-4668-BE54-9A1E7A4F7556}") = "CSharp_03", "240614_03\CSharp_03.csproj", "{84BDD8C2-C2BA-4A97-A10D-F5166D9D70D8}"
EndProject
Project("{9A19103F-16F7-4668-BE54-9A1E7A4F7556}") = "CSharp_04", "240614_04\CSharp_04.csproj", "{55F87303-D094-48B5-AD2A-714C319953A5}"
EndProject
Project("{9A19103F-16F7-4668-BE54-9A1E7A4F7556}") = "CSharp_05", "240614_05\CSharp_05.csproj", "{8E8F497C-7DA5-4C71-A4CF-E2AD11C1CE8E}"
EndProject
Project("{9A19103F-16F7-4668-BE54-9A1E7A4F7556}") = "CSharp_06", "240614_06\CSharp_06.csproj", "{216C9876-5BE6-494B-8C06-2D2FDA02538E}"
EndProject
Project("{9A19103F-16F7-4668-BE54-9A1E7A4F7556}") = "CSharp_07", "CSharp_07\CSharp_07.csproj", "{935ED03D-B6DE-491B-9658-F3BE1F8F8262}"
EndProject
Project("{9A19103F-16F7-4668-BE54-9A1E7A4F7556}") = "CSharp_08", "CSharp_08\CSharp_08.csproj", "{BA15AFA1-9B3A-4E89-B97C-0409A3FB0F32}"
EndProject
Project("{9A19103F-16F7-4668-BE54-9A1E7A4F7556}") = "CSharp_09", "CSharp_09\CSharp_09.csproj", "{A413876E-2071-46D4-AB73-CABAB960151B}"
EndProject
Project("{9A19103F-16F7-4668-BE54-9A1E7A4F7556}") = "CSharp_10", "CSharp_10\CSharp_10.csproj", "{0EA94C16-F497-4CBB-9A1B-0DB48544528F}"
EndProject
Project("{9A19103F-16F7-4668-BE54-9A1E7A4F7556}") = "CSharp_11", "CSharp_11\CSharp_11.csproj", "{75D0D384-29C3-4EAA-B9F8-98634AABAD15}"
EndProject
Project("{9A19103F-16F7-4668-BE54-9A1E7A4F7556}") = "CSharp_12", "CSharp_12\CSharp_12.csproj", "{24A2993B-1200-48DD-BDCC-5B79AB1F3EE4}"
EndProject
Project("{9A19103F-16F7-4668-BE54-9A1E7A4F7556}") = "CSharp_13", "CSharp_13\CSharp_13.csproj", "{255C0F5D-ED2B-4A05-A718-EC3D12B0E8FA}"
EndProject
Project("{9A19103F-16F7-4668-BE54-9A1E7A4F7556}") = "CSharp_14", "CSharp_14\CSharp_14.csproj", "{2C342CAB-C3D1-4C13-A880-16227386AF27}"
EndProject
Project("{FAE04EC0-301F-11D3-BF4B-00C04F79EFBC}") = "CSharp_15", "CSharp_15\CSharp_15.csproj", "{580EC4D8-488A-4C4F-BAF0-F01807DC3C93}"
EndProject
Global
	GlobalSection(SolutionConfigurationPlatforms) = preSolution
		Debug|Any CPU = Debug|Any CPU
		Release|Any CPU = Release|Any CPU
	EndGlobalSection
	GlobalSection(ProjectConfigurationPlatforms) = postSolution
		{6B1DDF04-B386-4CDA-8572-B0D569ACCBDB}.Debug|Any CPU.ActiveCfg = Debug|Any CPU
		{6B1DDF04-B386-4CDA-8572-B0D569ACCBDB}.Debug|Any CPU.Build.0 = Debug|Any CPU
		{6B1DDF04-B386-4CDA-8572-B0D569ACCBDB}.Release|Any CPU.ActiveCfg = Release|Any CPU
		{6B1DDF04-B386-4CDA-8572-B0D569ACCBDB}.Release|Any CPU.Build.0 = Release|Any CPU
		{BC245DD6-A1FF-49EF-B55A-3197EABBEA72}.Debug|Any CPU.ActiveCfg = Debug|Any CPU
		{BC245DD6-A1FF-49EF-B55A-3197EABBEA72}.Debug|Any CPU.Build.0 = Debug|Any CPU
		{BC245DD6-A1FF-49EF-B55A-3197EABBEA72}.Release|Any CPU.ActiveCfg = Release|Any CPU
		{BC245DD6-A1FF-49EF-B55A-3197EABBEA72}.Release|Any CPU.Build.0 = Release|Any CPU
		{84BDD8C2-C2BA-4A97-A10D-F5166D9D70D8}.Debug|Any CPU.ActiveCfg = Debug|Any CPU
		{84BDD8C2-C2BA-4A97-A10D-F5166D9D70D8}.Debug|Any CPU.Build.0 = Debug|Any CPU
		{84BDD8C2-C2BA-4A97-A10D-F5166D9D70D8}.Release|Any CPU.ActiveCfg = Release|Any CPU
		{84BDD8C2-C2BA-4A97-A10D-F5166D9D70D8}.Release|Any CPU.Build.0 = Release|Any CPU
		{55F87303-D094-48B5-AD2A-714C319953A5}.Debug|Any CPU.ActiveCfg = Debug|Any CPU
		{55F87303-D094-48B5-AD2A-714C319953A5}.Debug|Any CPU.Build.0 = Debug|Any CPU
		{55F87303-D094-48B5-AD2A-714C319953A5}.Release|Any CPU.ActiveCfg = Release|Any CPU
		{55F87303-D094-48B5-AD2A-714C319953A5}.Release|Any CPU.Build.0 = Release|Any CPU
		{8E8F497C-7DA5-4C71-A4CF-E2AD11C1CE8E}.Debug|Any CPU.ActiveCfg = Debug|Any CPU
		{8E8F497C-7DA5-4C71-A4CF-E2AD11C1CE8E}.Debug|Any CPU.Build.0 = Debug|Any CPU
		{8E8F497C-7DA5-4C71-A4CF-E2AD11C1CE8E}.Release|Any CPU.ActiveCfg = Release|Any CPU
		{8E8F497C-7DA5-4C71-A4CF-E2AD11C1CE8E}.Release|Any CPU.Build.0 = Release|Any CPU
		{216C9876-5BE6-494B-8C06-2D2FDA02538E}.Debug|Any CPU.ActiveCfg = Debug|Any CPU
		{216C9876-5BE6-494B-8C06-2D2FDA02538E}.Debug|Any CPU.Build.0 = Debug|Any CPU
		{216C9876-5BE6-494B-8C06-2D2FDA02538E}.Release|Any CPU.ActiveCfg = Release|Any CPU
		{216C9876-5BE6-494B-8C06-2D2FDA02538E}.Release|Any CPU.Build.0 = Release|Any CPU
		{935ED03D-B6DE-491B-9658-F3BE1F8F8262}.Debug|Any CPU.ActiveCfg = Debug|Any CPU
		{935ED03D-B6DE-491B-9658-F3BE1F8F8262}.Debug|Any CPU.Build.0 = Debug|Any CPU
		{935ED03D-B6DE-491B-9658-F3BE1F8F8262}.Release|Any CPU.ActiveCfg = Release|Any CPU
		{935ED03D-B6DE-491B-9658-F3BE1F8F8262}.Release|Any CPU.Build.0 = Release|Any CPU
		{BA15AFA1-9B3A-4E89-B97C-0409A3FB0F32}.Debug|Any CPU.ActiveCfg = Debug|Any CPU
		{BA15AFA1-9B3A-4E89-B97C-0409A3FB0F32}.Debug|Any CPU.Build.0 = Debug|Any CPU
		{BA15AFA1-9B3A-4E89-B97C-0409A3FB0F32}.Release|Any CPU.ActiveCfg = Release|Any CPU
		{BA15AFA1-9B3A-4E89-B97C-0409A3FB0F32}.Release|Any CPU.Build.0 = Release|Any CPU
		{A413876E-2071-46D4-AB73-CABAB960151B}.Debug|Any CPU.ActiveCfg = Debug|Any CPU
		{A413876E-2071-46D4-AB73-CABAB960151B}.Debug|Any CPU.Build.0 = Debug|Any CPU
		{A413876E-2071-46D4-AB73-CABAB960151B}.Release|Any CPU.ActiveCfg = Release|Any CPU
		{A413876E-2071-46D4-AB73-CABAB960151B}.Release|Any CPU.Build.0 = Release|Any CPU
		{0EA94C16-F497-4CBB-9A1B-0DB48544528F}.Debug|Any CPU.ActiveCfg = Debug|Any CPU
		{0EA94C16-F497-4CBB-9A1B-0DB48544528F}.Debug|Any CPU.Build.0 = Debug|Any CPU
		{0EA94C16-F497-4CBB-9A1B-0DB48544528F}.Release|Any CPU.ActiveCfg = Release|Any CPU
		{0EA94C16-F497-4CBB-9A1B-0DB48544528F}.Release|Any CPU.Build.0 = Release|Any CPU
		{75D0D384-29C3-4EAA-B9F8-98634AABAD15}.Debug|Any CPU.ActiveCfg = Debug|Any CPU
		{75D0D384-29C3-4EAA-B9F8-98634AABAD15}.Debug|Any CPU.Build.0 = Debug|Any CPU
		{75D0D384-29C3-4EAA-B9F8-98634AABAD15}.Release|Any CPU.ActiveCfg = Release|Any CPU
		{75D0D384-29C3-4EAA-B9F8-98634AABAD15}.Release|Any CPU.Build.0 = Release|Any CPU
		{24A2993B-1200-48DD-BDCC-5B79AB1F3EE4}.Debug|Any CPU.ActiveCfg = Debug|Any CPU
		{24A2993B-1200-48DD-BDCC-5B79AB1F3EE4}.Debug|Any CPU.Build.0 = Debug|Any CPU
		{24A2993B-1200-48DD-BDCC-5B79AB1F3EE4}.Release|Any CPU.ActiveCfg = Release|Any CPU
		{24A2993B-1200-48DD-BDCC-5B79AB1F3EE4}.Release|Any CPU.Build.0 = Release|Any CPU
		{255C0F5D-ED2B-4A05-A718-EC3D12B0E8FA}.Debug|Any CPU.ActiveCfg = Debug|Any CPU
		{255C0F5D-ED2B-4A05-A718-EC3D12B0E8FA}.Debug|Any CPU.Build.0 = Debug|Any CPU
		{255C0F5D-ED2B-4A05-A718-EC3D12B0E8FA}.Release|Any CPU.ActiveCfg = Release|Any CPU
		{255C0F5D-ED2B-4A05-A718-EC3D12B0E8FA}.Release|Any CPU.Build.0 = Release|Any CPU
		{2C342CAB-C3D1-4C13-A880-16227386AF27}.Debug|Any CPU.ActiveCfg = Debug|Any CPU
		{2C342CAB-C3D1-4C13-A880-16227386AF27}.Debug|Any CPU.Build.0 = Debug|Any CPU
		{2C342CAB-C3D1-4C13-A880-16227386AF27}.Release|Any CPU.ActiveCfg = Release|Any CPU
		{2C342CAB-C3D1-4C13-A880-16227386AF27}.Release|Any CPU.Build.0 = Release|Any CPU
		{580EC4D8-488A-4C4F-BAF0-F01807DC3C93}.Debug|Any CPU.ActiveCfg = Debug|Any CPU
		{580EC4D8-488A-4C4F-BAF0-F01807DC3C93}.Debug|Any CPU.Build.0 = Debug|Any CPU
		{580EC4D8-488A-4C4F-BAF0-F01807DC3C93}.Release|Any CPU.ActiveCfg = Release|Any CPU
		{580EC4D8-488A-4C4F-BAF0-F01807DC3C93}.Release|Any CPU.Build.0 = Release|Any CPU
	EndGlobalSection
	GlobalSection(SolutionProperties) = preSolution
		HideSolutionNode = FALSE
	EndGlobalSection
	GlobalSection(ExtensibilityGlobals) = postSolution
		SolutionGuid = {CB8D87A0-6CA0-4EC9-A512-D4AF70FCD4C2}
	EndGlobalSection
EndGlobal
